
Microsoft Visual Studio Solution File, Format Version 12.00
# Visual Studio Version 17
VisualStudioVersion = 17.11.35208.52
MinimumVisualStudioVersion = 10.0.40219.1
Project("{2150E333-8FDC-42A3-9474-1A3956D46DE8}") = "Task0", "Task0", "{2D56B01A-E5CD-4FB1-8406-BC6ED3DF9A27}"
EndProject
Project("{FAE04EC0-301F-11D3-BF4B-00C04F79EFBC}") = "Tyuiu.VelichkoS.Sprint0.Task0.V0", "Tyuiu.VelichkoS.Sprint0.Task0.V0\Tyuiu.VelichkoS.Sprint0.Task0.V0.csproj", "{FFB57703-2571-4298-B235-F7CE0801A6B8}"
EndProject
Global
	GlobalSection(SolutionConfigurationPlatforms) = preSolution
		Debug|Any CPU = Debug|Any CPU
		Release|Any CPU = Release|Any CPU
	EndGlobalSection
	GlobalSection(ProjectConfigurationPlatforms) = postSolution
		{FFB57703-2571-4298-B235-F7CE0801A6B8}.Debug|Any CPU.ActiveCfg = Debug|Any CPU
		{FFB57703-2571-4298-B235-F7CE0801A6B8}.Debug|Any CPU.Build.0 = Debug|Any CPU
		{FFB57703-2571-4298-B235-F7CE0801A6B8}.Release|Any CPU.ActiveCfg = Release|Any CPU
		{FFB57703-2571-4298-B235-F7CE0801A6B8}.Release|Any CPU.Build.0 = Release|Any CPU
	EndGlobalSection
	GlobalSection(SolutionProperties) = preSolution
		HideSolutionNode = FALSE
	EndGlobalSection
	GlobalSection(NestedProjects) = preSolution
		{FFB57703-2571-4298-B235-F7CE0801A6B8} = {2D56B01A-E5CD-4FB1-8406-BC6ED3DF9A27}
	EndGlobalSection
	GlobalSection(ExtensibilityGlobals) = postSolution
		SolutionGuid = {46C1D43A-C603-473F-905E-A9D4D51D39E6}
	EndGlobalSection
EndGlobal
